// !$*UTF8*$!
{
	archiveVersion = 1;
	classes = {
	};
	objectVersion = 56;
	objects = {

/* Begin PBXBuildFile section */
		2AB7BDC02A561A9900ADCDE3 /* AppDelegate.swift in Sources */ = {isa = PBXBuildFile; fileRef = 2AB7BDBF2A561A9900ADCDE3 /* AppDelegate.swift */; };
		2AB7BDC22A561A9900ADCDE3 /* SceneDelegate.swift in Sources */ = {isa = PBXBuildFile; fileRef = 2AB7BDC12A561A9900ADCDE3 /* SceneDelegate.swift */; };
		2AB7BDC92A561A9A00ADCDE3 /* Assets.xcassets in Resources */ = {isa = PBXBuildFile; fileRef = 2AB7BDC82A561A9A00ADCDE3 /* Assets.xcassets */; };
		2AB7BDCC2A561A9A00ADCDE3 /* LaunchScreen.storyboard in Resources */ = {isa = PBXBuildFile; fileRef = 2AB7BDCA2A561A9A00ADCDE3 /* LaunchScreen.storyboard */; };
		2AB7BDD62A561B5800ADCDE3 /* EssentialFeed.framework in Frameworks */ = {isa = PBXBuildFile; fileRef = 2AB7BDD42A561B5800ADCDE3 /* EssentialFeed.framework */; };
		2AB7BDD72A561B5800ADCDE3 /* EssentialFeed.framework in Embed Frameworks */ = {isa = PBXBuildFile; fileRef = 2AB7BDD42A561B5800ADCDE3 /* EssentialFeed.framework */; settings = {ATTRIBUTES = (CodeSignOnCopy, RemoveHeadersOnCopy, ); }; };
		2AB7C8C42A59B8B400ADCDE3 /* XCTestCase+MemoryLeakTracking.swift in Sources */ = {isa = PBXBuildFile; fileRef = 2AB7C8C32A59B8B400ADCDE3 /* XCTestCase+MemoryLeakTracking.swift */; };
		2AB7C8C62A59B91900ADCDE3 /* SharedTestHelpers.swift in Sources */ = {isa = PBXBuildFile; fileRef = 2AB7C8C52A59B91900ADCDE3 /* SharedTestHelpers.swift */; };
		2AB7C8F02A5A08E900ADCDE3 /* SceneDelegateTests.swift in Sources */ = {isa = PBXBuildFile; fileRef = 2AB7C8EF2A5A08E900ADCDE3 /* SceneDelegateTests.swift */; };
		2AB7C9042A5A0B4000ADCDE3 /* FeedUIComposer.swift in Sources */ = {isa = PBXBuildFile; fileRef = 2AB7C8FD2A5A0AA600ADCDE3 /* FeedUIComposer.swift */; };
		2AB7C9062A5A0B4400ADCDE3 /* WeakRefVirtualProxy.swift in Sources */ = {isa = PBXBuildFile; fileRef = 2AB7C8FF2A5A0AA600ADCDE3 /* WeakRefVirtualProxy.swift */; };
		2AB7C9072A5A0B4400ADCDE3 /* LoadResourcePresentationAdapter.swift in Sources */ = {isa = PBXBuildFile; fileRef = 2AB7C8FE2A5A0AA600ADCDE3 /* LoadResourcePresentationAdapter.swift */; };
		2AB7C9082A5A0B4400ADCDE3 /* FeedViewAdapter.swift in Sources */ = {isa = PBXBuildFile; fileRef = 2AB7C9022A5A0AA600ADCDE3 /* FeedViewAdapter.swift */; };
		2AB7C9132A5A0C6800ADCDE3 /* FeedUIIntegrationTests+Assertions.swift in Sources */ = {isa = PBXBuildFile; fileRef = 2AB7C90E2A5A0C6800ADCDE3 /* FeedUIIntegrationTests+Assertions.swift */; };
		2AB7C9142A5A0C6800ADCDE3 /* UIRefreshControl+TestHelpers.swift in Sources */ = {isa = PBXBuildFile; fileRef = 2AB7C90C2A5A0C6800ADCDE3 /* UIRefreshControl+TestHelpers.swift */; };
		2AB7C9162A5A0C6800ADCDE3 /* ListViewController+TestHelpers.swift in Sources */ = {isa = PBXBuildFile; fileRef = 2AB7C9102A5A0C6800ADCDE3 /* ListViewController+TestHelpers.swift */; };
		2AB7C9172A5A0C6800ADCDE3 /* FeedImageCell+TestHelpers.swift in Sources */ = {isa = PBXBuildFile; fileRef = 2AB7C90A2A5A0C6700ADCDE3 /* FeedImageCell+TestHelpers.swift */; };
		2AB7C9182A5A0C6800ADCDE3 /* FeedUIIntegrationTests+LoaderSpy.swift in Sources */ = {isa = PBXBuildFile; fileRef = 2AB7C9112A5A0C6800ADCDE3 /* FeedUIIntegrationTests+LoaderSpy.swift */; };
		2AB7C9192A5A0C6800ADCDE3 /* UIImage+TestHelpers.swift in Sources */ = {isa = PBXBuildFile; fileRef = 2AB7C90B2A5A0C6800ADCDE3 /* UIImage+TestHelpers.swift */; };
		2AB7C91A2A5A0C6800ADCDE3 /* UIButton+TestHelpers.swift in Sources */ = {isa = PBXBuildFile; fileRef = 2AB7C90F2A5A0C6800ADCDE3 /* UIButton+TestHelpers.swift */; };
		2AB7C91B2A5A0C6800ADCDE3 /* UIControl+TestHelpers.swift in Sources */ = {isa = PBXBuildFile; fileRef = 2AB7C9122A5A0C6800ADCDE3 /* UIControl+TestHelpers.swift */; };
		2AB7C91D2A5A0CEE00ADCDE3 /* FeedUIIntegrationTests.swift in Sources */ = {isa = PBXBuildFile; fileRef = 2AB7C91C2A5A0CEE00ADCDE3 /* FeedUIIntegrationTests.swift */; };
		2AB7C91F2A5A0D9700ADCDE3 /* FeedAcceptanceTests.swift in Sources */ = {isa = PBXBuildFile; fileRef = 2AB7C91E2A5A0D9700ADCDE3 /* FeedAcceptanceTests.swift */; };
		2AB7C9212A5A11BA00ADCDE3 /* HTTPClientStub.swift in Sources */ = {isa = PBXBuildFile; fileRef = 2AB7C9202A5A11BA00ADCDE3 /* HTTPClientStub.swift */; };
		2AB7C9232A5A120100ADCDE3 /* InMemoryFeedStore.swift in Sources */ = {isa = PBXBuildFile; fileRef = 2AB7C9222A5A120100ADCDE3 /* InMemoryFeedStore.swift */; };
		2AB7C9302A5AC9B100ADCDE3 /* UIView+TestHelpers.swift in Sources */ = {isa = PBXBuildFile; fileRef = 2AB7C92F2A5AC9B100ADCDE3 /* UIView+TestHelpers.swift */; };
		2AB7C9322A5AD6ED00ADCDE3 /* CombineHelpers.swift in Sources */ = {isa = PBXBuildFile; fileRef = 2AB7C9312A5AD6ED00ADCDE3 /* CombineHelpers.swift */; };
		2ACA57F62A5F2EC400108F72 /* EssentialFeediOS.framework in Frameworks */ = {isa = PBXBuildFile; fileRef = 2ACA57F52A5F2EC400108F72 /* EssentialFeediOS.framework */; };
		2ACA57F72A5F2EC400108F72 /* EssentialFeediOS.framework in Embed Frameworks */ = {isa = PBXBuildFile; fileRef = 2ACA57F52A5F2EC400108F72 /* EssentialFeediOS.framework */; settings = {ATTRIBUTES = (CodeSignOnCopy, RemoveHeadersOnCopy, ); }; };
		2AF097752A64093800CD707B /* CommentsUIComposer.swift in Sources */ = {isa = PBXBuildFile; fileRef = 2AF097742A64093800CD707B /* CommentsUIComposer.swift */; };
		2AF097772A6409A700CD707B /* CommentsUIIntegrationTests.swift in Sources */ = {isa = PBXBuildFile; fileRef = 2AF097762A6409A700CD707B /* CommentsUIIntegrationTests.swift */; };
/* End PBXBuildFile section */

/* Begin PBXContainerItemProxy section */
		2AB7C8B52A59AB1600ADCDE3 /* PBXContainerItemProxy */ = {
			isa = PBXContainerItemProxy;
			containerPortal = 2AB7BDB42A561A9900ADCDE3 /* Project object */;
			proxyType = 1;
			remoteGlobalIDString = 2AB7BDBB2A561A9900ADCDE3;
			remoteInfo = EssentialApp;
		};
/* End PBXContainerItemProxy section */

/* Begin PBXCopyFilesBuildPhase section */
		2AB7BDDA2A561B5800ADCDE3 /* Embed Frameworks */ = {
			isa = PBXCopyFilesBuildPhase;
			buildActionMask = 2147483647;
			dstPath = "";
			dstSubfolderSpec = 10;
			files = (
				2AB7BDD72A561B5800ADCDE3 /* EssentialFeed.framework in Embed Frameworks */,
				2ACA57F72A5F2EC400108F72 /* EssentialFeediOS.framework in Embed Frameworks */,
			);
			name = "Embed Frameworks";
			runOnlyForDeploymentPostprocessing = 0;
		};
/* End PBXCopyFilesBuildPhase section */

/* Begin PBXFileReference section */
		2AB7BDBC2A561A9900ADCDE3 /* EssentialApp.app */ = {isa = PBXFileReference; explicitFileType = wrapper.application; includeInIndex = 0; path = EssentialApp.app; sourceTree = BUILT_PRODUCTS_DIR; };
		2AB7BDBF2A561A9900ADCDE3 /* AppDelegate.swift */ = {isa = PBXFileReference; lastKnownFileType = sourcecode.swift; path = AppDelegate.swift; sourceTree = "<group>"; };
		2AB7BDC12A561A9900ADCDE3 /* SceneDelegate.swift */ = {isa = PBXFileReference; lastKnownFileType = sourcecode.swift; path = SceneDelegate.swift; sourceTree = "<group>"; };
		2AB7BDC82A561A9A00ADCDE3 /* Assets.xcassets */ = {isa = PBXFileReference; lastKnownFileType = folder.assetcatalog; path = Assets.xcassets; sourceTree = "<group>"; };
		2AB7BDCB2A561A9A00ADCDE3 /* Base */ = {isa = PBXFileReference; lastKnownFileType = file.storyboard; name = Base; path = Base.lproj/LaunchScreen.storyboard; sourceTree = "<group>"; };
		2AB7BDCD2A561A9A00ADCDE3 /* Info.plist */ = {isa = PBXFileReference; lastKnownFileType = text.plist.xml; path = Info.plist; sourceTree = "<group>"; };
		2AB7BDD42A561B5800ADCDE3 /* EssentialFeed.framework */ = {isa = PBXFileReference; explicitFileType = wrapper.framework; path = EssentialFeed.framework; sourceTree = BUILT_PRODUCTS_DIR; };
		2AB7BDD52A561B5800ADCDE3 /* EssentialFeediOS.framework */ = {isa = PBXFileReference; explicitFileType = wrapper.framework; path = EssentialFeediOS.framework; sourceTree = BUILT_PRODUCTS_DIR; };
		2AB7C8B12A59AB1600ADCDE3 /* EssentialAppTests.xctest */ = {isa = PBXFileReference; explicitFileType = wrapper.cfbundle; includeInIndex = 0; path = EssentialAppTests.xctest; sourceTree = BUILT_PRODUCTS_DIR; };
		2AB7C8C32A59B8B400ADCDE3 /* XCTestCase+MemoryLeakTracking.swift */ = {isa = PBXFileReference; lastKnownFileType = sourcecode.swift; path = "XCTestCase+MemoryLeakTracking.swift"; sourceTree = "<group>"; };
		2AB7C8C52A59B91900ADCDE3 /* SharedTestHelpers.swift */ = {isa = PBXFileReference; lastKnownFileType = sourcecode.swift; path = SharedTestHelpers.swift; sourceTree = "<group>"; };
		2AB7C8C72A59B9E100ADCDE3 /* CI_iOS.xctestplan */ = {isa = PBXFileReference; lastKnownFileType = text; path = CI_iOS.xctestplan; sourceTree = "<group>"; };
		2AB7C8EF2A5A08E900ADCDE3 /* SceneDelegateTests.swift */ = {isa = PBXFileReference; lastKnownFileType = sourcecode.swift; path = SceneDelegateTests.swift; sourceTree = "<group>"; };
		2AB7C8FD2A5A0AA600ADCDE3 /* FeedUIComposer.swift */ = {isa = PBXFileReference; lastKnownFileType = sourcecode.swift; path = FeedUIComposer.swift; sourceTree = "<group>"; };
		2AB7C8FE2A5A0AA600ADCDE3 /* LoadResourcePresentationAdapter.swift */ = {isa = PBXFileReference; lastKnownFileType = sourcecode.swift; path = LoadResourcePresentationAdapter.swift; sourceTree = "<group>"; };
		2AB7C8FF2A5A0AA600ADCDE3 /* WeakRefVirtualProxy.swift */ = {isa = PBXFileReference; lastKnownFileType = sourcecode.swift; path = WeakRefVirtualProxy.swift; sourceTree = "<group>"; };
		2AB7C9022A5A0AA600ADCDE3 /* FeedViewAdapter.swift */ = {isa = PBXFileReference; lastKnownFileType = sourcecode.swift; path = FeedViewAdapter.swift; sourceTree = "<group>"; };
		2AB7C90A2A5A0C6700ADCDE3 /* FeedImageCell+TestHelpers.swift */ = {isa = PBXFileReference; lastKnownFileType = sourcecode.swift; path = "FeedImageCell+TestHelpers.swift"; sourceTree = "<group>"; };
		2AB7C90B2A5A0C6800ADCDE3 /* UIImage+TestHelpers.swift */ = {isa = PBXFileReference; lastKnownFileType = sourcecode.swift; path = "UIImage+TestHelpers.swift"; sourceTree = "<group>"; };
		2AB7C90C2A5A0C6800ADCDE3 /* UIRefreshControl+TestHelpers.swift */ = {isa = PBXFileReference; lastKnownFileType = sourcecode.swift; path = "UIRefreshControl+TestHelpers.swift"; sourceTree = "<group>"; };
		2AB7C90E2A5A0C6800ADCDE3 /* FeedUIIntegrationTests+Assertions.swift */ = {isa = PBXFileReference; lastKnownFileType = sourcecode.swift; path = "FeedUIIntegrationTests+Assertions.swift"; sourceTree = "<group>"; };
		2AB7C90F2A5A0C6800ADCDE3 /* UIButton+TestHelpers.swift */ = {isa = PBXFileReference; lastKnownFileType = sourcecode.swift; path = "UIButton+TestHelpers.swift"; sourceTree = "<group>"; };
		2AB7C9102A5A0C6800ADCDE3 /* ListViewController+TestHelpers.swift */ = {isa = PBXFileReference; lastKnownFileType = sourcecode.swift; path = "ListViewController+TestHelpers.swift"; sourceTree = "<group>"; };
		2AB7C9112A5A0C6800ADCDE3 /* FeedUIIntegrationTests+LoaderSpy.swift */ = {isa = PBXFileReference; lastKnownFileType = sourcecode.swift; path = "FeedUIIntegrationTests+LoaderSpy.swift"; sourceTree = "<group>"; };
		2AB7C9122A5A0C6800ADCDE3 /* UIControl+TestHelpers.swift */ = {isa = PBXFileReference; lastKnownFileType = sourcecode.swift; path = "UIControl+TestHelpers.swift"; sourceTree = "<group>"; };
		2AB7C91C2A5A0CEE00ADCDE3 /* FeedUIIntegrationTests.swift */ = {isa = PBXFileReference; lastKnownFileType = sourcecode.swift; path = FeedUIIntegrationTests.swift; sourceTree = "<group>"; };
		2AB7C91E2A5A0D9700ADCDE3 /* FeedAcceptanceTests.swift */ = {isa = PBXFileReference; lastKnownFileType = sourcecode.swift; path = FeedAcceptanceTests.swift; sourceTree = "<group>"; };
		2AB7C9202A5A11BA00ADCDE3 /* HTTPClientStub.swift */ = {isa = PBXFileReference; lastKnownFileType = sourcecode.swift; path = HTTPClientStub.swift; sourceTree = "<group>"; };
		2AB7C9222A5A120100ADCDE3 /* InMemoryFeedStore.swift */ = {isa = PBXFileReference; lastKnownFileType = sourcecode.swift; path = InMemoryFeedStore.swift; sourceTree = "<group>"; };
		2AB7C92F2A5AC9B100ADCDE3 /* UIView+TestHelpers.swift */ = {isa = PBXFileReference; lastKnownFileType = sourcecode.swift; path = "UIView+TestHelpers.swift"; sourceTree = "<group>"; };
		2AB7C9312A5AD6ED00ADCDE3 /* CombineHelpers.swift */ = {isa = PBXFileReference; lastKnownFileType = sourcecode.swift; path = CombineHelpers.swift; sourceTree = "<group>"; };
		2ACA57F52A5F2EC400108F72 /* EssentialFeediOS.framework */ = {isa = PBXFileReference; explicitFileType = wrapper.framework; path = EssentialFeediOS.framework; sourceTree = BUILT_PRODUCTS_DIR; };
		2AF097742A64093800CD707B /* CommentsUIComposer.swift */ = {isa = PBXFileReference; lastKnownFileType = sourcecode.swift; path = CommentsUIComposer.swift; sourceTree = "<group>"; };
		2AF097762A6409A700CD707B /* CommentsUIIntegrationTests.swift */ = {isa = PBXFileReference; lastKnownFileType = sourcecode.swift; path = CommentsUIIntegrationTests.swift; sourceTree = "<group>"; };
/* End PBXFileReference section */

/* Begin PBXFrameworksBuildPhase section */
		2AB7BDB92A561A9900ADCDE3 /* Frameworks */ = {
			isa = PBXFrameworksBuildPhase;
			buildActionMask = 2147483647;
			files = (
				2AB7BDD62A561B5800ADCDE3 /* EssentialFeed.framework in Frameworks */,
				2ACA57F62A5F2EC400108F72 /* EssentialFeediOS.framework in Frameworks */,
			);
			runOnlyForDeploymentPostprocessing = 0;
		};
		2AB7C8AE2A59AB1600ADCDE3 /* Frameworks */ = {
			isa = PBXFrameworksBuildPhase;
			buildActionMask = 2147483647;
			files = (
			);
			runOnlyForDeploymentPostprocessing = 0;
		};
/* End PBXFrameworksBuildPhase section */

/* Begin PBXGroup section */
		2AB7BDB32A561A9900ADCDE3 = {
			isa = PBXGroup;
			children = (
				2AB7C8C72A59B9E100ADCDE3 /* CI_iOS.xctestplan */,
				2AB7BDBE2A561A9900ADCDE3 /* EssentialApp */,
				2AB7C8B22A59AB1600ADCDE3 /* EssentialAppTests */,
				2AB7BDBD2A561A9900ADCDE3 /* Products */,
				2AB7BDD32A561B5800ADCDE3 /* Frameworks */,
			);
			sourceTree = "<group>";
		};
		2AB7BDBD2A561A9900ADCDE3 /* Products */ = {
			isa = PBXGroup;
			children = (
				2AB7BDBC2A561A9900ADCDE3 /* EssentialApp.app */,
				2AB7C8B12A59AB1600ADCDE3 /* EssentialAppTests.xctest */,
			);
			name = Products;
			sourceTree = "<group>";
		};
		2AB7BDBE2A561A9900ADCDE3 /* EssentialApp */ = {
			isa = PBXGroup;
			children = (
				2AB7BDBF2A561A9900ADCDE3 /* AppDelegate.swift */,
				2AB7BDC12A561A9900ADCDE3 /* SceneDelegate.swift */,
				2AB7BDC82A561A9A00ADCDE3 /* Assets.xcassets */,
				2AB7BDCA2A561A9A00ADCDE3 /* LaunchScreen.storyboard */,
				2AB7BDCD2A561A9A00ADCDE3 /* Info.plist */,
				2AB7C9032A5A0AA600ADCDE3 /* Composers */,
			);
			path = EssentialApp;
			sourceTree = "<group>";
		};
		2AB7BDD32A561B5800ADCDE3 /* Frameworks */ = {
			isa = PBXGroup;
			children = (
				2ACA57F52A5F2EC400108F72 /* EssentialFeediOS.framework */,
				2AB7BDD42A561B5800ADCDE3 /* EssentialFeed.framework */,
				2AB7BDD52A561B5800ADCDE3 /* EssentialFeediOS.framework */,
			);
			name = Frameworks;
			sourceTree = "<group>";
		};
		2AB7C8B22A59AB1600ADCDE3 /* EssentialAppTests */ = {
			isa = PBXGroup;
			children = (
				2AB7C8C22A59B8AF00ADCDE3 /* Helpers */,
				2AB7C8EF2A5A08E900ADCDE3 /* SceneDelegateTests.swift */,
				2AB7C91C2A5A0CEE00ADCDE3 /* FeedUIIntegrationTests.swift */,
				2AF097762A6409A700CD707B /* CommentsUIIntegrationTests.swift */,
				2AB7C91E2A5A0D9700ADCDE3 /* FeedAcceptanceTests.swift */,
			);
			path = EssentialAppTests;
			sourceTree = "<group>";
		};
		2AB7C8C22A59B8AF00ADCDE3 /* Helpers */ = {
			isa = PBXGroup;
			children = (
				2AB7C8C32A59B8B400ADCDE3 /* XCTestCase+MemoryLeakTracking.swift */,
				2AB7C8C52A59B91900ADCDE3 /* SharedTestHelpers.swift */,
				2AB7C9202A5A11BA00ADCDE3 /* HTTPClientStub.swift */,
				2AB7C9222A5A120100ADCDE3 /* InMemoryFeedStore.swift */,
				2AB7C9102A5A0C6800ADCDE3 /* ListViewController+TestHelpers.swift */,
				2AB7C90A2A5A0C6700ADCDE3 /* FeedImageCell+TestHelpers.swift */,
				2AB7C9112A5A0C6800ADCDE3 /* FeedUIIntegrationTests+LoaderSpy.swift */,
				2AB7C90E2A5A0C6800ADCDE3 /* FeedUIIntegrationTests+Assertions.swift */,
				2AB7C90B2A5A0C6800ADCDE3 /* UIImage+TestHelpers.swift */,
				2AB7C90C2A5A0C6800ADCDE3 /* UIRefreshControl+TestHelpers.swift */,
				2AB7C90F2A5A0C6800ADCDE3 /* UIButton+TestHelpers.swift */,
				2AB7C9122A5A0C6800ADCDE3 /* UIControl+TestHelpers.swift */,
				2AB7C92F2A5AC9B100ADCDE3 /* UIView+TestHelpers.swift */,
			);
			path = Helpers;
			sourceTree = "<group>";
		};
		2AB7C9032A5A0AA600ADCDE3 /* Composers */ = {
			isa = PBXGroup;
			children = (
				2AB7C8FD2A5A0AA600ADCDE3 /* FeedUIComposer.swift */,
				2AB7C8FE2A5A0AA600ADCDE3 /* LoadResourcePresentationAdapter.swift */,
				2AB7C8FF2A5A0AA600ADCDE3 /* WeakRefVirtualProxy.swift */,
				2AB7C9022A5A0AA600ADCDE3 /* FeedViewAdapter.swift */,
				2AB7C9312A5AD6ED00ADCDE3 /* CombineHelpers.swift */,
				2AF097742A64093800CD707B /* CommentsUIComposer.swift */,
			);
			path = Composers;
			sourceTree = "<group>";
		};
/* End PBXGroup section */

/* Begin PBXNativeTarget section */
		2AB7BDBB2A561A9900ADCDE3 /* EssentialApp */ = {
			isa = PBXNativeTarget;
			buildConfigurationList = 2AB7BDD02A561A9A00ADCDE3 /* Build configuration list for PBXNativeTarget "EssentialApp" */;
			buildPhases = (
				2AB7BDB82A561A9900ADCDE3 /* Sources */,
				2AB7BDB92A561A9900ADCDE3 /* Frameworks */,
				2AB7BDBA2A561A9900ADCDE3 /* Resources */,
				2AB7BDDA2A561B5800ADCDE3 /* Embed Frameworks */,
			);
			buildRules = (
			);
			dependencies = (
			);
			name = EssentialApp;
			productName = EssentialApp;
			productReference = 2AB7BDBC2A561A9900ADCDE3 /* EssentialApp.app */;
			productType = "com.apple.product-type.application";
		};
		2AB7C8B02A59AB1600ADCDE3 /* EssentialAppTests */ = {
			isa = PBXNativeTarget;
			buildConfigurationList = 2AB7C8B92A59AB1600ADCDE3 /* Build configuration list for PBXNativeTarget "EssentialAppTests" */;
			buildPhases = (
				2AB7C8AD2A59AB1600ADCDE3 /* Sources */,
				2AB7C8AE2A59AB1600ADCDE3 /* Frameworks */,
				2AB7C8AF2A59AB1600ADCDE3 /* Resources */,
			);
			buildRules = (
			);
			dependencies = (
				2AB7C8B62A59AB1600ADCDE3 /* PBXTargetDependency */,
			);
			name = EssentialAppTests;
			productName = EssentialAppTests;
			productReference = 2AB7C8B12A59AB1600ADCDE3 /* EssentialAppTests.xctest */;
			productType = "com.apple.product-type.bundle.unit-test";
		};
/* End PBXNativeTarget section */

/* Begin PBXProject section */
		2AB7BDB42A561A9900ADCDE3 /* Project object */ = {
			isa = PBXProject;
			attributes = {
				BuildIndependentTargetsInParallel = 1;
				LastSwiftUpdateCheck = 1430;
				LastUpgradeCheck = 1430;
				TargetAttributes = {
					2AB7BDBB2A561A9900ADCDE3 = {
						CreatedOnToolsVersion = 14.3;
					};
					2AB7C8B02A59AB1600ADCDE3 = {
						CreatedOnToolsVersion = 14.3;
						TestTargetID = 2AB7BDBB2A561A9900ADCDE3;
					};
				};
			};
			buildConfigurationList = 2AB7BDB72A561A9900ADCDE3 /* Build configuration list for PBXProject "EssentialApp" */;
			compatibilityVersion = "Xcode 14.0";
			developmentRegion = en;
			hasScannedForEncodings = 0;
			knownRegions = (
				en,
				Base,
			);
			mainGroup = 2AB7BDB32A561A9900ADCDE3;
			productRefGroup = 2AB7BDBD2A561A9900ADCDE3 /* Products */;
			projectDirPath = "";
			projectRoot = "";
			targets = (
				2AB7BDBB2A561A9900ADCDE3 /* EssentialApp */,
				2AB7C8B02A59AB1600ADCDE3 /* EssentialAppTests */,
			);
		};
/* End PBXProject section */

/* Begin PBXResourcesBuildPhase section */
		2AB7BDBA2A561A9900ADCDE3 /* Resources */ = {
			isa = PBXResourcesBuildPhase;
			buildActionMask = 2147483647;
			files = (
				2AB7BDCC2A561A9A00ADCDE3 /* LaunchScreen.storyboard in Resources */,
				2AB7BDC92A561A9A00ADCDE3 /* Assets.xcassets in Resources */,
			);
			runOnlyForDeploymentPostprocessing = 0;
		};
		2AB7C8AF2A59AB1600ADCDE3 /* Resources */ = {
			isa = PBXResourcesBuildPhase;
			buildActionMask = 2147483647;
			files = (
			);
			runOnlyForDeploymentPostprocessing = 0;
		};
/* End PBXResourcesBuildPhase section */

/* Begin PBXSourcesBuildPhase section */
		2AB7BDB82A561A9900ADCDE3 /* Sources */ = {
			isa = PBXSourcesBuildPhase;
			buildActionMask = 2147483647;
			files = (
				2AB7C9072A5A0B4400ADCDE3 /* LoadResourcePresentationAdapter.swift in Sources */,
				2AB7BDC02A561A9900ADCDE3 /* AppDelegate.swift in Sources */,
				2AB7C9042A5A0B4000ADCDE3 /* FeedUIComposer.swift in Sources */,
				2AB7C9062A5A0B4400ADCDE3 /* WeakRefVirtualProxy.swift in Sources */,
				2AB7C9082A5A0B4400ADCDE3 /* FeedViewAdapter.swift in Sources */,
				2AB7BDC22A561A9900ADCDE3 /* SceneDelegate.swift in Sources */,
				2AB7C9322A5AD6ED00ADCDE3 /* CombineHelpers.swift in Sources */,
				2AF097752A64093800CD707B /* CommentsUIComposer.swift in Sources */,
			);
			runOnlyForDeploymentPostprocessing = 0;
		};
		2AB7C8AD2A59AB1600ADCDE3 /* Sources */ = {
			isa = PBXSourcesBuildPhase;
			buildActionMask = 2147483647;
			files = (
				2AB7C8C62A59B91900ADCDE3 /* SharedTestHelpers.swift in Sources */,
				2AB7C9142A5A0C6800ADCDE3 /* UIRefreshControl+TestHelpers.swift in Sources */,
				2AF097772A6409A700CD707B /* CommentsUIIntegrationTests.swift in Sources */,
				2AB7C9212A5A11BA00ADCDE3 /* HTTPClientStub.swift in Sources */,
				2AB7C91D2A5A0CEE00ADCDE3 /* FeedUIIntegrationTests.swift in Sources */,
				2AB7C9162A5A0C6800ADCDE3 /* ListViewController+TestHelpers.swift in Sources */,
				2AB7C91A2A5A0C6800ADCDE3 /* UIButton+TestHelpers.swift in Sources */,
				2AB7C9302A5AC9B100ADCDE3 /* UIView+TestHelpers.swift in Sources */,
				2AB7C9172A5A0C6800ADCDE3 /* FeedImageCell+TestHelpers.swift in Sources */,
				2AB7C9182A5A0C6800ADCDE3 /* FeedUIIntegrationTests+LoaderSpy.swift in Sources */,
				2AB7C9192A5A0C6800ADCDE3 /* UIImage+TestHelpers.swift in Sources */,
				2AB7C8C42A59B8B400ADCDE3 /* XCTestCase+MemoryLeakTracking.swift in Sources */,
				2AB7C91B2A5A0C6800ADCDE3 /* UIControl+TestHelpers.swift in Sources */,
				2AB7C9232A5A120100ADCDE3 /* InMemoryFeedStore.swift in Sources */,
				2AB7C91F2A5A0D9700ADCDE3 /* FeedAcceptanceTests.swift in Sources */,
				2AB7C8F02A5A08E900ADCDE3 /* SceneDelegateTests.swift in Sources */,
				2AB7C9132A5A0C6800ADCDE3 /* FeedUIIntegrationTests+Assertions.swift in Sources */,
			);
			runOnlyForDeploymentPostprocessing = 0;
		};
/* End PBXSourcesBuildPhase section */

/* Begin PBXTargetDependency section */
		2AB7C8B62A59AB1600ADCDE3 /* PBXTargetDependency */ = {
			isa = PBXTargetDependency;
			target = 2AB7BDBB2A561A9900ADCDE3 /* EssentialApp */;
			targetProxy = 2AB7C8B52A59AB1600ADCDE3 /* PBXContainerItemProxy */;
		};
/* End PBXTargetDependency section */

/* Begin PBXVariantGroup section */
		2AB7BDCA2A561A9A00ADCDE3 /* LaunchScreen.storyboard */ = {
			isa = PBXVariantGroup;
			children = (
				2AB7BDCB2A561A9A00ADCDE3 /* Base */,
			);
			name = LaunchScreen.storyboard;
			sourceTree = "<group>";
		};
/* End PBXVariantGroup section */

/* Begin XCBuildConfiguration section */
		2AB7BDCE2A561A9A00ADCDE3 /* Debug */ = {
			isa = XCBuildConfiguration;
			buildSettings = {
				ALWAYS_SEARCH_USER_PATHS = NO;
				CLANG_ANALYZER_NONNULL = YES;
				CLANG_ANALYZER_NUMBER_OBJECT_CONVERSION = YES_AGGRESSIVE;
				CLANG_CXX_LANGUAGE_STANDARD = "gnu++20";
				CLANG_ENABLE_MODULES = YES;
				CLANG_ENABLE_OBJC_ARC = YES;
				CLANG_ENABLE_OBJC_WEAK = YES;
				CLANG_WARN_BLOCK_CAPTURE_AUTORELEASING = YES;
				CLANG_WARN_BOOL_CONVERSION = YES;
				CLANG_WARN_COMMA = YES;
				CLANG_WARN_CONSTANT_CONVERSION = YES;
				CLANG_WARN_DEPRECATED_OBJC_IMPLEMENTATIONS = YES;
				CLANG_WARN_DIRECT_OBJC_ISA_USAGE = YES_ERROR;
				CLANG_WARN_DOCUMENTATION_COMMENTS = YES;
				CLANG_WARN_EMPTY_BODY = YES;
				CLANG_WARN_ENUM_CONVERSION = YES;
				CLANG_WARN_INFINITE_RECURSION = YES;
				CLANG_WARN_INT_CONVERSION = YES;
				CLANG_WARN_NON_LITERAL_NULL_CONVERSION = YES;
				CLANG_WARN_OBJC_IMPLICIT_RETAIN_SELF = YES;
				CLANG_WARN_OBJC_LITERAL_CONVERSION = YES;
				CLANG_WARN_OBJC_ROOT_CLASS = YES_ERROR;
				CLANG_WARN_QUOTED_INCLUDE_IN_FRAMEWORK_HEADER = YES;
				CLANG_WARN_RANGE_LOOP_ANALYSIS = YES;
				CLANG_WARN_STRICT_PROTOTYPES = YES;
				CLANG_WARN_SUSPICIOUS_MOVE = YES;
				CLANG_WARN_UNGUARDED_AVAILABILITY = YES_AGGRESSIVE;
				CLANG_WARN_UNREACHABLE_CODE = YES;
				CLANG_WARN__DUPLICATE_METHOD_MATCH = YES;
				COPY_PHASE_STRIP = NO;
				DEBUG_INFORMATION_FORMAT = dwarf;
				ENABLE_STRICT_OBJC_MSGSEND = YES;
				ENABLE_TESTABILITY = YES;
				GCC_C_LANGUAGE_STANDARD = gnu11;
				GCC_DYNAMIC_NO_PIC = NO;
				GCC_NO_COMMON_BLOCKS = YES;
				GCC_OPTIMIZATION_LEVEL = 0;
				GCC_PREPROCESSOR_DEFINITIONS = (
					"DEBUG=1",
					"$(inherited)",
				);
				GCC_WARN_64_TO_32_BIT_CONVERSION = YES;
				GCC_WARN_ABOUT_RETURN_TYPE = YES_ERROR;
				GCC_WARN_UNDECLARED_SELECTOR = YES;
				GCC_WARN_UNINITIALIZED_AUTOS = YES_AGGRESSIVE;
				GCC_WARN_UNUSED_FUNCTION = YES;
				GCC_WARN_UNUSED_VARIABLE = YES;
				IPHONEOS_DEPLOYMENT_TARGET = 16.4;
				MTL_ENABLE_DEBUG_INFO = INCLUDE_SOURCE;
				MTL_FAST_MATH = YES;
				ONLY_ACTIVE_ARCH = YES;
				SDKROOT = iphoneos;
				SWIFT_ACTIVE_COMPILATION_CONDITIONS = DEBUG;
				SWIFT_OPTIMIZATION_LEVEL = "-Onone";
			};
			name = Debug;
		};
		2AB7BDCF2A561A9A00ADCDE3 /* Release */ = {
			isa = XCBuildConfiguration;
			buildSettings = {
				ALWAYS_SEARCH_USER_PATHS = NO;
				CLANG_ANALYZER_NONNULL = YES;
				CLANG_ANALYZER_NUMBER_OBJECT_CONVERSION = YES_AGGRESSIVE;
				CLANG_CXX_LANGUAGE_STANDARD = "gnu++20";
				CLANG_ENABLE_MODULES = YES;
				CLANG_ENABLE_OBJC_ARC = YES;
				CLANG_ENABLE_OBJC_WEAK = YES;
				CLANG_WARN_BLOCK_CAPTURE_AUTORELEASING = YES;
				CLANG_WARN_BOOL_CONVERSION = YES;
				CLANG_WARN_COMMA = YES;
				CLANG_WARN_CONSTANT_CONVERSION = YES;
				CLANG_WARN_DEPRECATED_OBJC_IMPLEMENTATIONS = YES;
				CLANG_WARN_DIRECT_OBJC_ISA_USAGE = YES_ERROR;
				CLANG_WARN_DOCUMENTATION_COMMENTS = YES;
				CLANG_WARN_EMPTY_BODY = YES;
				CLANG_WARN_ENUM_CONVERSION = YES;
				CLANG_WARN_INFINITE_RECURSION = YES;
				CLANG_WARN_INT_CONVERSION = YES;
				CLANG_WARN_NON_LITERAL_NULL_CONVERSION = YES;
				CLANG_WARN_OBJC_IMPLICIT_RETAIN_SELF = YES;
				CLANG_WARN_OBJC_LITERAL_CONVERSION = YES;
				CLANG_WARN_OBJC_ROOT_CLASS = YES_ERROR;
				CLANG_WARN_QUOTED_INCLUDE_IN_FRAMEWORK_HEADER = YES;
				CLANG_WARN_RANGE_LOOP_ANALYSIS = YES;
				CLANG_WARN_STRICT_PROTOTYPES = YES;
				CLANG_WARN_SUSPICIOUS_MOVE = YES;
				CLANG_WARN_UNGUARDED_AVAILABILITY = YES_AGGRESSIVE;
				CLANG_WARN_UNREACHABLE_CODE = YES;
				CLANG_WARN__DUPLICATE_METHOD_MATCH = YES;
				COPY_PHASE_STRIP = NO;
				DEBUG_INFORMATION_FORMAT = "dwarf-with-dsym";
				ENABLE_NS_ASSERTIONS = NO;
				ENABLE_STRICT_OBJC_MSGSEND = YES;
				GCC_C_LANGUAGE_STANDARD = gnu11;
				GCC_NO_COMMON_BLOCKS = YES;
				GCC_WARN_64_TO_32_BIT_CONVERSION = YES;
				GCC_WARN_ABOUT_RETURN_TYPE = YES_ERROR;
				GCC_WARN_UNDECLARED_SELECTOR = YES;
				GCC_WARN_UNINITIALIZED_AUTOS = YES_AGGRESSIVE;
				GCC_WARN_UNUSED_FUNCTION = YES;
				GCC_WARN_UNUSED_VARIABLE = YES;
				IPHONEOS_DEPLOYMENT_TARGET = 16.4;
				MTL_ENABLE_DEBUG_INFO = NO;
				MTL_FAST_MATH = YES;
				SDKROOT = iphoneos;
				SWIFT_COMPILATION_MODE = wholemodule;
				SWIFT_OPTIMIZATION_LEVEL = "-O";
				VALIDATE_PRODUCT = YES;
			};
			name = Release;
		};
		2AB7BDD12A561A9A00ADCDE3 /* Debug */ = {
			isa = XCBuildConfiguration;
			buildSettings = {
				ASSETCATALOG_COMPILER_APPICON_NAME = AppIcon;
				ASSETCATALOG_COMPILER_GLOBAL_ACCENT_COLOR_NAME = AccentColor;
				CODE_SIGN_STYLE = Automatic;
				CURRENT_PROJECT_VERSION = 1;
				DEVELOPMENT_TEAM = 33953X8M8J;
				GENERATE_INFOPLIST_FILE = YES;
				INFOPLIST_FILE = EssentialApp/Info.plist;
				INFOPLIST_KEY_UIApplicationSupportsIndirectInputEvents = YES;
				INFOPLIST_KEY_UILaunchStoryboardName = LaunchScreen;
				INFOPLIST_KEY_UIMainStoryboardFile = "";
				INFOPLIST_KEY_UISupportedInterfaceOrientations = "UIInterfaceOrientationLandscapeLeft UIInterfaceOrientationLandscapeRight UIInterfaceOrientationPortrait";
				INFOPLIST_KEY_UISupportedInterfaceOrientations_iPad = UIInterfaceOrientationPortrait;
				LD_RUNPATH_SEARCH_PATHS = (
					"$(inherited)",
					"@executable_path/Frameworks",
				);
				MARKETING_VERSION = 1.0;
				PRODUCT_BUNDLE_IDENTIFIER = com.ackz.EssentialApp;
				PRODUCT_NAME = "$(TARGET_NAME)";
				SWIFT_EMIT_LOC_STRINGS = YES;
				SWIFT_VERSION = 5.0;
				TARGETED_DEVICE_FAMILY = "1,2";
			};
			name = Debug;
		};
		2AB7BDD22A561A9A00ADCDE3 /* Release */ = {
			isa = XCBuildConfiguration;
			buildSettings = {
				ASSETCATALOG_COMPILER_APPICON_NAME = AppIcon;
				ASSETCATALOG_COMPILER_GLOBAL_ACCENT_COLOR_NAME = AccentColor;
				CODE_SIGN_STYLE = Automatic;
				CURRENT_PROJECT_VERSION = 1;
				DEVELOPMENT_TEAM = 33953X8M8J;
				GENERATE_INFOPLIST_FILE = YES;
				INFOPLIST_FILE = EssentialApp/Info.plist;
				INFOPLIST_KEY_UIApplicationSupportsIndirectInputEvents = YES;
				INFOPLIST_KEY_UILaunchStoryboardName = LaunchScreen;
				INFOPLIST_KEY_UIMainStoryboardFile = "";
				INFOPLIST_KEY_UISupportedInterfaceOrientations = "UIInterfaceOrientationLandscapeLeft UIInterfaceOrientationLandscapeRight UIInterfaceOrientationPortrait";
				INFOPLIST_KEY_UISupportedInterfaceOrientations_iPad = UIInterfaceOrientationPortrait;
				LD_RUNPATH_SEARCH_PATHS = (
					"$(inherited)",
					"@executable_path/Frameworks",
				);
				MARKETING_VERSION = 1.0;
				PRODUCT_BUNDLE_IDENTIFIER = com.ackz.EssentialApp;
				PRODUCT_NAME = "$(TARGET_NAME)";
				SWIFT_EMIT_LOC_STRINGS = YES;
				SWIFT_VERSION = 5.0;
				TARGETED_DEVICE_FAMILY = "1,2";
			};
			name = Release;
		};
		2AB7C8B72A59AB1600ADCDE3 /* Debug */ = {
			isa = XCBuildConfiguration;
			buildSettings = {
				BUNDLE_LOADER = "$(TEST_HOST)";
				CODE_SIGN_STYLE = Automatic;
				CURRENT_PROJECT_VERSION = 1;
				DEVELOPMENT_TEAM = 33953X8M8J;
				GENERATE_INFOPLIST_FILE = YES;
				MARKETING_VERSION = 1.0;
				PRODUCT_BUNDLE_IDENTIFIER = com.ackz.EssentialAppTests;
				PRODUCT_NAME = "$(TARGET_NAME)";
				SWIFT_EMIT_LOC_STRINGS = NO;
				SWIFT_VERSION = 5.0;
				TARGETED_DEVICE_FAMILY = "1,2";
				TEST_HOST = "$(BUILT_PRODUCTS_DIR)/EssentialApp.app/$(BUNDLE_EXECUTABLE_FOLDER_PATH)/EssentialApp";
			};
			name = Debug;
		};
		2AB7C8B82A59AB1600ADCDE3 /* Release */ = {
			isa = XCBuildConfiguration;
			buildSettings = {
				BUNDLE_LOADER = "$(TEST_HOST)";
				CODE_SIGN_STYLE = Automatic;
				CURRENT_PROJECT_VERSION = 1;
				DEVELOPMENT_TEAM = 33953X8M8J;
				GENERATE_INFOPLIST_FILE = YES;
				MARKETING_VERSION = 1.0;
				PRODUCT_BUNDLE_IDENTIFIER = com.ackz.EssentialAppTests;
				PRODUCT_NAME = "$(TARGET_NAME)";
				SWIFT_EMIT_LOC_STRINGS = NO;
				SWIFT_VERSION = 5.0;
				TARGETED_DEVICE_FAMILY = "1,2";
				TEST_HOST = "$(BUILT_PRODUCTS_DIR)/EssentialApp.app/$(BUNDLE_EXECUTABLE_FOLDER_PATH)/EssentialApp";
			};
			name = Release;
		};
/* End XCBuildConfiguration section */

/* Begin XCConfigurationList section */
		2AB7BDB72A561A9900ADCDE3 /* Build configuration list for PBXProject "EssentialApp" */ = {
			isa = XCConfigurationList;
			buildConfigurations = (
				2AB7BDCE2A561A9A00ADCDE3 /* Debug */,
				2AB7BDCF2A561A9A00ADCDE3 /* Release */,
			);
			defaultConfigurationIsVisible = 0;
			defaultConfigurationName = Release;
		};
		2AB7BDD02A561A9A00ADCDE3 /* Build configuration list for PBXNativeTarget "EssentialApp" */ = {
			isa = XCConfigurationList;
			buildConfigurations = (
				2AB7BDD12A561A9A00ADCDE3 /* Debug */,
				2AB7BDD22A561A9A00ADCDE3 /* Release */,
			);
			defaultConfigurationIsVisible = 0;
			defaultConfigurationName = Release;
		};
		2AB7C8B92A59AB1600ADCDE3 /* Build configuration list for PBXNativeTarget "EssentialAppTests" */ = {
			isa = XCConfigurationList;
			buildConfigurations = (
				2AB7C8B72A59AB1600ADCDE3 /* Debug */,
				2AB7C8B82A59AB1600ADCDE3 /* Release */,
			);
			defaultConfigurationIsVisible = 0;
			defaultConfigurationName = Release;
		};
/* End XCConfigurationList section */
	};
	rootObject = 2AB7BDB42A561A9900ADCDE3 /* Project object */;
}
